// !$*UTF8*$!
{
	archiveVersion = 1;
	classes = {
	};
	objectVersion = 46;
	objects = {

/* Begin PBXBuildFile section */
		001100AE1F1C938600FEB133 /* main.m in Sources */ = {isa = PBXBuildFile; fileRef = 001100AD1F1C938600FEB133 /* main.m */; };
		001100B11F1C938600FEB133 /* AppDelegate.m in Sources */ = {isa = PBXBuildFile; fileRef = 001100B01F1C938600FEB133 /* AppDelegate.m */; };
		001100B41F1C938600FEB133 /* ViewController.mm in Sources */ = {isa = PBXBuildFile; fileRef = 001100B31F1C938600FEB133 /* ViewController.mm */; };
		001100B71F1C938600FEB133 /* Main.storyboard in Resources */ = {isa = PBXBuildFile; fileRef = 001100B51F1C938600FEB133 /* Main.storyboard */; };
		001100B91F1C938600FEB133 /* Assets.xcassets in Resources */ = {isa = PBXBuildFile; fileRef = 001100B81F1C938600FEB133 /* Assets.xcassets */; };
		001100BC1F1C938600FEB133 /* LaunchScreen.storyboard in Resources */ = {isa = PBXBuildFile; fileRef = 001100BA1F1C938600FEB133 /* LaunchScreen.storyboard */; };
		001100C51F1C93C300FEB133 /* DrawView.swift in Sources */ = {isa = PBXBuildFile; fileRef = 001100C41F1C93C300FEB133 /* DrawView.swift */; };
		001100C81F1CB1B600FEB133 /* Accelerate.framework in Frameworks */ = {isa = PBXBuildFile; fileRef = 001100C71F1CB1B600FEB133 /* Accelerate.framework */; };
		001100CA1F1CB1BB00FEB133 /* MetalPerformanceShaders.framework in Frameworks */ = {isa = PBXBuildFile; fileRef = 001100C91F1CB1BB00FEB133 /* MetalPerformanceShaders.framework */; };
		0039C5A61F20C52700714279 /* b_conv1 in Resources */ = {isa = PBXBuildFile; fileRef = 0039C59E1F20C52700714279 /* b_conv1 */; };
		0039C5A71F20C52700714279 /* b_conv2 in Resources */ = {isa = PBXBuildFile; fileRef = 0039C59F1F20C52700714279 /* b_conv2 */; };
		0039C5A81F20C52700714279 /* b_fc1 in Resources */ = {isa = PBXBuildFile; fileRef = 0039C5A01F20C52700714279 /* b_fc1 */; };
		0039C5A91F20C52700714279 /* b_fc2 in Resources */ = {isa = PBXBuildFile; fileRef = 0039C5A11F20C52700714279 /* b_fc2 */; };
		0039C5AA1F20C52700714279 /* W_conv1 in Resources */ = {isa = PBXBuildFile; fileRef = 0039C5A21F20C52700714279 /* W_conv1 */; };
		0039C5AB1F20C52700714279 /* W_conv2 in Resources */ = {isa = PBXBuildFile; fileRef = 0039C5A31F20C52700714279 /* W_conv2 */; };
		0039C5AC1F20C52700714279 /* W_fc1 in Resources */ = {isa = PBXBuildFile; fileRef = 0039C5A41F20C52700714279 /* W_fc1 */; };
		0039C5AD1F20C52700714279 /* W_fc2 in Resources */ = {isa = PBXBuildFile; fileRef = 0039C5A51F20C52700714279 /* W_fc2 */; };
/* End PBXBuildFile section */

/* Begin PBXFileReference section */
		001100A91F1C938600FEB133 /* MNISToniOSWithoutTFlib.app */ = {isa = PBXFileReference; explicitFileType = wrapper.application; includeInIndex = 0; path = MNISToniOSWithoutTFlib.app; sourceTree = BUILT_PRODUCTS_DIR; };
		001100AD1F1C938600FEB133 /* main.m */ = {isa = PBXFileReference; lastKnownFileType = sourcecode.c.objc; path = main.m; sourceTree = "<group>"; };
		001100AF1F1C938600FEB133 /* AppDelegate.h */ = {isa = PBXFileReference; lastKnownFileType = sourcecode.c.h; path = AppDelegate.h; sourceTree = "<group>"; };
		001100B01F1C938600FEB133 /* AppDelegate.m */ = {isa = PBXFileReference; lastKnownFileType = sourcecode.c.objc; path = AppDelegate.m; sourceTree = "<group>"; };
		001100B21F1C938600FEB133 /* ViewController.h */ = {isa = PBXFileReference; lastKnownFileType = sourcecode.c.h; path = ViewController.h; sourceTree = "<group>"; };
		001100B31F1C938600FEB133 /* ViewController.mm */ = {isa = PBXFileReference; lastKnownFileType = sourcecode.cpp.objcpp; path = ViewController.mm; sourceTree = "<group>"; };
		001100B61F1C938600FEB133 /* Base */ = {isa = PBXFileReference; lastKnownFileType = file.storyboard; name = Base; path = Base.lproj/Main.storyboard; sourceTree = "<group>"; };
		001100B81F1C938600FEB133 /* Assets.xcassets */ = {isa = PBXFileReference; lastKnownFileType = folder.assetcatalog; path = Assets.xcassets; sourceTree = "<group>"; };
		001100BB1F1C938600FEB133 /* Base */ = {isa = PBXFileReference; lastKnownFileType = file.storyboard; name = Base; path = Base.lproj/LaunchScreen.storyboard; sourceTree = "<group>"; };
		001100BD1F1C938600FEB133 /* Info.plist */ = {isa = PBXFileReference; lastKnownFileType = text.plist.xml; path = Info.plist; sourceTree = "<group>"; };
		001100C31F1C93C300FEB133 /* MNISToniOSWithoutTFlib-Bridging-Header.h */ = {isa = PBXFileReference; lastKnownFileType = sourcecode.c.h; path = "MNISToniOSWithoutTFlib-Bridging-Header.h"; sourceTree = "<group>"; };
		001100C41F1C93C300FEB133 /* DrawView.swift */ = {isa = PBXFileReference; fileEncoding = 4; lastKnownFileType = sourcecode.swift; path = DrawView.swift; sourceTree = "<group>"; };
		001100C71F1CB1B600FEB133 /* Accelerate.framework */ = {isa = PBXFileReference; lastKnownFileType = wrapper.framework; name = Accelerate.framework; path = System/Library/Frameworks/Accelerate.framework; sourceTree = SDKROOT; };
		001100C91F1CB1BB00FEB133 /* MetalPerformanceShaders.framework */ = {isa = PBXFileReference; lastKnownFileType = wrapper.framework; name = MetalPerformanceShaders.framework; path = System/Library/Frameworks/MetalPerformanceShaders.framework; sourceTree = SDKROOT; };
		0039C59E1F20C52700714279 /* b_conv1 */ = {isa = PBXFileReference; fileEncoding = 4; lastKnownFileType = text; path = b_conv1; sourceTree = "<group>"; };
		0039C59F1F20C52700714279 /* b_conv2 */ = {isa = PBXFileReference; lastKnownFileType = file; path = b_conv2; sourceTree = "<group>"; };
		0039C5A01F20C52700714279 /* b_fc1 */ = {isa = PBXFileReference; lastKnownFileType = file; path = b_fc1; sourceTree = "<group>"; };
		0039C5A11F20C52700714279 /* b_fc2 */ = {isa = PBXFileReference; fileEncoding = 4; lastKnownFileType = text; path = b_fc2; sourceTree = "<group>"; };
		0039C5A21F20C52700714279 /* W_conv1 */ = {isa = PBXFileReference; lastKnownFileType = file; path = W_conv1; sourceTree = "<group>"; };
		0039C5A31F20C52700714279 /* W_conv2 */ = {isa = PBXFileReference; lastKnownFileType = file; path = W_conv2; sourceTree = "<group>"; };
		0039C5A41F20C52700714279 /* W_fc1 */ = {isa = PBXFileReference; lastKnownFileType = file; path = W_fc1; sourceTree = "<group>"; };
		0039C5A51F20C52700714279 /* W_fc2 */ = {isa = PBXFileReference; lastKnownFileType = file; path = W_fc2; sourceTree = "<group>"; };
/* End PBXFileReference section */

/* Begin PBXFrameworksBuildPhase section */
		001100A61F1C938600FEB133 /* Frameworks */ = {
			isa = PBXFrameworksBuildPhase;
			buildActionMask = 2147483647;
			files = (
				001100CA1F1CB1BB00FEB133 /* MetalPerformanceShaders.framework in Frameworks */,
				001100C81F1CB1B600FEB133 /* Accelerate.framework in Frameworks */,
			);
			runOnlyForDeploymentPostprocessing = 0;
		};
/* End PBXFrameworksBuildPhase section */

/* Begin PBXGroup section */
		001100A01F1C938600FEB133 = {
			isa = PBXGroup;
			children = (
				001100AB1F1C938600FEB133 /* MNISToniOSWithoutTFlib */,
				001100AA1F1C938600FEB133 /* Products */,
				001100C61F1CB1B500FEB133 /* Frameworks */,
			);
			sourceTree = "<group>";
		};
		001100AA1F1C938600FEB133 /* Products */ = {
			isa = PBXGroup;
			children = (
				001100A91F1C938600FEB133 /* MNISToniOSWithoutTFlib.app */,
			);
			name = Products;
			sourceTree = "<group>";
		};
		001100AB1F1C938600FEB133 /* MNISToniOSWithoutTFlib */ = {
			isa = PBXGroup;
			children = (
				001100C41F1C93C300FEB133 /* DrawView.swift */,
				001100AF1F1C938600FEB133 /* AppDelegate.h */,
				001100B01F1C938600FEB133 /* AppDelegate.m */,
				001100B21F1C938600FEB133 /* ViewController.h */,
				001100B31F1C938600FEB133 /* ViewController.mm */,
				001100B51F1C938600FEB133 /* Main.storyboard */,
				001100B81F1C938600FEB133 /* Assets.xcassets */,
				001100BA1F1C938600FEB133 /* LaunchScreen.storyboard */,
				001100BD1F1C938600FEB133 /* Info.plist */,
				0039C59E1F20C52700714279 /* b_conv1 */,
				0039C59F1F20C52700714279 /* b_conv2 */,
				0039C5A01F20C52700714279 /* b_fc1 */,
				0039C5A11F20C52700714279 /* b_fc2 */,
				0039C5A21F20C52700714279 /* W_conv1 */,
				0039C5A31F20C52700714279 /* W_conv2 */,
				0039C5A41F20C52700714279 /* W_fc1 */,
				0039C5A51F20C52700714279 /* W_fc2 */,
				001100AC1F1C938600FEB133 /* Supporting Files */,
				001100C31F1C93C300FEB133 /* MNISToniOSWithoutTFlib-Bridging-Header.h */,
			);
			path = MNISToniOSWithoutTFlib;
			sourceTree = "<group>";
		};
		001100AC1F1C938600FEB133 /* Supporting Files */ = {
			isa = PBXGroup;
			children = (
				001100AD1F1C938600FEB133 /* main.m */,
			);
			name = "Supporting Files";
			sourceTree = "<group>";
		};
		001100C61F1CB1B500FEB133 /* Frameworks */ = {
			isa = PBXGroup;
			children = (
				001100C91F1CB1BB00FEB133 /* MetalPerformanceShaders.framework */,
				001100C71F1CB1B600FEB133 /* Accelerate.framework */,
			);
			name = Frameworks;
			sourceTree = "<group>";
		};
/* End PBXGroup section */

/* Begin PBXNativeTarget section */
		001100A81F1C938600FEB133 /* MNISToniOSWithoutTFlib */ = {
			isa = PBXNativeTarget;
			buildConfigurationList = 001100C01F1C938600FEB133 /* Build configuration list for PBXNativeTarget "MNISToniOSWithoutTFlib" */;
			buildPhases = (
				001100A51F1C938600FEB133 /* Sources */,
				001100A61F1C938600FEB133 /* Frameworks */,
				001100A71F1C938600FEB133 /* Resources */,
			);
			buildRules = (
			);
			dependencies = (
			);
			name = MNISToniOSWithoutTFlib;
			productName = MNISToniOSWithoutTFlib;
			productReference = 001100A91F1C938600FEB133 /* MNISToniOSWithoutTFlib.app */;
			productType = "com.apple.product-type.application";
		};
/* End PBXNativeTarget section */

/* Begin PBXProject section */
		001100A11F1C938600FEB133 /* Project object */ = {
			isa = PBXProject;
			attributes = {
				LastUpgradeCheck = 0830;
				ORGANIZATIONNAME = "Li,Yan(MMS)";
				TargetAttributes = {
					001100A81F1C938600FEB133 = {
						CreatedOnToolsVersion = 8.3.2;
						DevelopmentTeam = 84A6Z2YQ4T;
						LastSwiftMigration = 0830;
						ProvisioningStyle = Automatic;
					};
				};
			};
			buildConfigurationList = 001100A41F1C938600FEB133 /* Build configuration list for PBXProject "MNISToniOSWithoutTFlib" */;
			compatibilityVersion = "Xcode 3.2";
			developmentRegion = English;
			hasScannedForEncodings = 0;
			knownRegions = (
				en,
				Base,
			);
			mainGroup = 001100A01F1C938600FEB133;
			productRefGroup = 001100AA1F1C938600FEB133 /* Products */;
			projectDirPath = "";
			projectRoot = "";
			targets = (
				001100A81F1C938600FEB133 /* MNISToniOSWithoutTFlib */,
			);
		};
/* End PBXProject section */

/* Begin PBXResourcesBuildPhase section */
		001100A71F1C938600FEB133 /* Resources */ = {
			isa = PBXResourcesBuildPhase;
			buildActionMask = 2147483647;
			files = (
				0039C5AD1F20C52700714279 /* W_fc2 in Resources */,
				0039C5A81F20C52700714279 /* b_fc1 in Resources */,
				0039C5AC1F20C52700714279 /* W_fc1 in Resources */,
				0039C5A91F20C52700714279 /* b_fc2 in Resources */,
				0039C5A71F20C52700714279 /* b_conv2 in Resources */,
				0039C5AB1F20C52700714279 /* W_conv2 in Resources */,
				001100BC1F1C938600FEB133 /* LaunchScreen.storyboard in Resources */,
				0039C5AA1F20C52700714279 /* W_conv1 in Resources */,
				001100B91F1C938600FEB133 /* Assets.xcassets in Resources */,
				001100B71F1C938600FEB133 /* Main.storyboard in Resources */,
				0039C5A61F20C52700714279 /* b_conv1 in Resources */,
			);
			runOnlyForDeploymentPostprocessing = 0;
		};
/* End PBXResourcesBuildPhase section */

/* Begin PBXSourcesBuildPhase section */
		001100A51F1C938600FEB133 /* Sources */ = {
			isa = PBXSourcesBuildPhase;
			buildActionMask = 2147483647;
			files = (
				001100B41F1C938600FEB133 /* ViewController.mm in Sources */,
				001100B11F1C938600FEB133 /* AppDelegate.m in Sources */,
				001100C51F1C93C300FEB133 /* DrawView.swift in Sources */,
				001100AE1F1C938600FEB133 /* main.m in Sources */,
			);
			runOnlyForDeploymentPostprocessing = 0;
		};
/* End PBXSourcesBuildPhase section */

/* Begin PBXVariantGroup section */
		001100B51F1C938600FEB133 /* Main.storyboard */ = {
			isa = PBXVariantGroup;
			children = (
				001100B61F1C938600FEB133 /* Base */,
			);
			name = Main.storyboard;
			sourceTree = "<group>";
		};
		001100BA1F1C938600FEB133 /* LaunchScreen.storyboard */ = {
			isa = PBXVariantGroup;
			children = (
				001100BB1F1C938600FEB133 /* Base */,
			);
			name = LaunchScreen.storyboard;
			sourceTree = "<group>";
		};
/* End PBXVariantGroup section */

/* Begin XCBuildConfiguration section */
		001100BE1F1C938600FEB133 /* Debug */ = {
			isa = XCBuildConfiguration;
			buildSettings = {
				ALWAYS_SEARCH_USER_PATHS = NO;
				CLANG_ANALYZER_NONNULL = YES;
				CLANG_ANALYZER_NUMBER_OBJECT_CONVERSION = YES_AGGRESSIVE;
				CLANG_CXX_LANGUAGE_STANDARD = "gnu++0x";
				CLANG_CXX_LIBRARY = "libc++";
				CLANG_ENABLE_MODULES = YES;
				CLANG_ENABLE_OBJC_ARC = YES;
				CLANG_WARN_BOOL_CONVERSION = YES;
				CLANG_WARN_CONSTANT_CONVERSION = YES;
				CLANG_WARN_DIRECT_OBJC_ISA_USAGE = YES_ERROR;
				CLANG_WARN_DOCUMENTATION_COMMENTS = YES;
				CLANG_WARN_EMPTY_BODY = YES;
				CLANG_WARN_ENUM_CONVERSION = YES;
				CLANG_WARN_INFINITE_RECURSION = YES;
				CLANG_WARN_INT_CONVERSION = YES;
				CLANG_WARN_OBJC_ROOT_CLASS = YES_ERROR;
				CLANG_WARN_SUSPICIOUS_MOVE = YES;
				CLANG_WARN_UNREACHABLE_CODE = YES;
				CLANG_WARN__DUPLICATE_METHOD_MATCH = YES;
				"CODE_SIGN_IDENTITY[sdk=iphoneos*]" = "iPhone Developer";
				COPY_PHASE_STRIP = NO;
				DEBUG_INFORMATION_FORMAT = dwarf;
				ENABLE_STRICT_OBJC_MSGSEND = YES;
				ENABLE_TESTABILITY = YES;
				GCC_C_LANGUAGE_STANDARD = gnu99;
				GCC_DYNAMIC_NO_PIC = NO;
				GCC_NO_COMMON_BLOCKS = YES;
				GCC_OPTIMIZATION_LEVEL = 0;
				GCC_PREPROCESSOR_DEFINITIONS = (
					"DEBUG=1",
					"$(inherited)",
				);
				GCC_WARN_64_TO_32_BIT_CONVERSION = YES;
				GCC_WARN_ABOUT_RETURN_TYPE = YES_ERROR;
				GCC_WARN_UNDECLARED_SELECTOR = YES;
				GCC_WARN_UNINITIALIZED_AUTOS = YES_AGGRESSIVE;
				GCC_WARN_UNUSED_FUNCTION = YES;
				GCC_WARN_UNUSED_VARIABLE = YES;
				IPHONEOS_DEPLOYMENT_TARGET = 10.3;
				MTL_ENABLE_DEBUG_INFO = YES;
				ONLY_ACTIVE_ARCH = YES;
				SDKROOT = iphoneos;
			};
			name = Debug;
		};
		001100BF1F1C938600FEB133 /* Release */ = {
			isa = XCBuildConfiguration;
			buildSettings = {
				ALWAYS_SEARCH_USER_PATHS = NO;
				CLANG_ANALYZER_NONNULL = YES;
				CLANG_ANALYZER_NUMBER_OBJECT_CONVERSION = YES_AGGRESSIVE;
				CLANG_CXX_LANGUAGE_STANDARD = "gnu++0x";
				CLANG_CXX_LIBRARY = "libc++";
				CLANG_ENABLE_MODULES = YES;
				CLANG_ENABLE_OBJC_ARC = YES;
				CLANG_WARN_BOOL_CONVERSION = YES;
				CLANG_WARN_CONSTANT_CONVERSION = YES;
				CLANG_WARN_DIRECT_OBJC_ISA_USAGE = YES_ERROR;
				CLANG_WARN_DOCUMENTATION_COMMENTS = YES;
				CLANG_WARN_EMPTY_BODY = YES;
				CLANG_WARN_ENUM_CONVERSION = YES;
				CLANG_WARN_INFINITE_RECURSION = YES;
				CLANG_WARN_INT_CONVERSION = YES;
				CLANG_WARN_OBJC_ROOT_CLASS = YES_ERROR;
				CLANG_WARN_SUSPICIOUS_MOVE = YES;
				CLANG_WARN_UNREACHABLE_CODE = YES;
				CLANG_WARN__DUPLICATE_METHOD_MATCH = YES;
				"CODE_SIGN_IDENTITY[sdk=iphoneos*]" = "iPhone Developer";
				COPY_PHASE_STRIP = NO;
				DEBUG_INFORMATION_FORMAT = "dwarf-with-dsym";
				ENABLE_NS_ASSERTIONS = NO;
				ENABLE_STRICT_OBJC_MSGSEND = YES;
				GCC_C_LANGUAGE_STANDARD = gnu99;
				GCC_NO_COMMON_BLOCKS = YES;
				GCC_WARN_64_TO_32_BIT_CONVERSION = YES;
				GCC_WARN_ABOUT_RETURN_TYPE = YES_ERROR;
				GCC_WARN_UNDECLARED_SELECTOR = YES;
				GCC_WARN_UNINITIALIZED_AUTOS = YES_AGGRESSIVE;
				GCC_WARN_UNUSED_FUNCTION = YES;
				GCC_WARN_UNUSED_VARIABLE = YES;
				IPHONEOS_DEPLOYMENT_TARGET = 10.3;
				MTL_ENABLE_DEBUG_INFO = NO;
				SDKROOT = iphoneos;
				VALIDATE_PRODUCT = YES;
			};
			name = Release;
		};
		001100C11F1C938600FEB133 /* Debug */ = {
			isa = XCBuildConfiguration;
			buildSettings = {
				ASSETCATALOG_COMPILER_APPICON_NAME = AppIcon;
				CLANG_ENABLE_MODULES = YES;
				DEVELOPMENT_TEAM = 84A6Z2YQ4T;
				INFOPLIST_FILE = MNISToniOSWithoutTFlib/Info.plist;
				LD_RUNPATH_SEARCH_PATHS = "$(inherited) @executable_path/Frameworks";
				PRODUCT_BUNDLE_IDENTIFIER = example.MNISToniOSWithoutTFlib;
				PRODUCT_NAME = "$(TARGET_NAME)";
				SWIFT_OBJC_BRIDGING_HEADER = "MNISToniOSWithoutTFlib/MNISToniOSWithoutTFlib-Bridging-Header.h";
				SWIFT_OPTIMIZATION_LEVEL = "-Onone";
				SWIFT_VERSION = 3.0;
			};
			name = Debug;
		};
		001100C21F1C938600FEB133 /* Release */ = {
			isa = XCBuildConfiguration;
			buildSettings = {
				ASSETCATALOG_COMPILER_APPICON_NAME = AppIcon;
				CLANG_ENABLE_MODULES = YES;
				DEVELOPMENT_TEAM = 84A6Z2YQ4T;
				INFOPLIST_FILE = MNISToniOSWithoutTFlib/Info.plist;
				LD_RUNPATH_SEARCH_PATHS = "$(inherited) @executable_path/Frameworks";
				PRODUCT_BUNDLE_IDENTIFIER = example.MNISToniOSWithoutTFlib;
				PRODUCT_NAME = "$(TARGET_NAME)";
				SWIFT_OBJC_BRIDGING_HEADER = "MNISToniOSWithoutTFlib/MNISToniOSWithoutTFlib-Bridging-Header.h";
				SWIFT_VERSION = 3.0;
			};
			name = Release;
		};
/* End XCBuildConfiguration section */

/* Begin XCConfigurationList section */
		001100A41F1C938600FEB133 /* Build configuration list for PBXProject "MNISToniOSWithoutTFlib" */ = {
			isa = XCConfigurationList;
			buildConfigurations = (
				001100BE1F1C938600FEB133 /* Debug */,
				001100BF1F1C938600FEB133 /* Release */,
			);
			defaultConfigurationIsVisible = 0;
			defaultConfigurationName = Release;
		};
		001100C01F1C938600FEB133 /* Build configuration list for PBXNativeTarget "MNISToniOSWithoutTFlib" */ = {
			isa = XCConfigurationList;
			buildConfigurations = (
				001100C11F1C938600FEB133 /* Debug */,
				001100C21F1C938600FEB133 /* Release */,
			);
			defaultConfigurationIsVisible = 0;
			defaultConfigurationName = Release;
		};
/* End XCConfigurationList section */
	};
	rootObject = 001100A11F1C938600FEB133 /* Project object */;
}
